
Microsoft Visual Studio Solution File, Format Version 12.00
# Visual Studio Version 17
VisualStudioVersion = 17.4.33213.308
MinimumVisualStudioVersion = 10.0.40219.1
Project("{FAE04EC0-301F-11D3-BF4B-00C04F79EFBC}") = "TareaDeProgramacion2", "TareaDeProgramacion2.csproj", "{2FF6640C-2C52-466B-8D00-048D389E12B4}"
EndProject
Global
	GlobalSection(SolutionConfigurationPlatforms) = preSolution
		Debug|Any CPU = Debug|Any CPU
		Release|Any CPU = Release|Any CPU
	EndGlobalSection
	GlobalSection(ProjectConfigurationPlatforms) = postSolution
		{2FF6640C-2C52-466B-8D00-048D389E12B4}.Debug|Any CPU.ActiveCfg = Debug|Any CPU
		{2FF6640C-2C52-466B-8D00-048D389E12B4}.Debug|Any CPU.Build.0 = Debug|Any CPU
		{2FF6640C-2C52-466B-8D00-048D389E12B4}.Release|Any CPU.ActiveCfg = Release|Any CPU
		{2FF6640C-2C52-466B-8D00-048D389E12B4}.Release|Any CPU.Build.0 = Release|Any CPU
	EndGlobalSection
	GlobalSection(SolutionProperties) = preSolution
		HideSolutionNode = FALSE
	EndGlobalSection
	GlobalSection(ExtensibilityGlobals) = postSolution
		SolutionGuid = {9F71631D-641C-4B9C-97C1-20C7D1310E1D}
	EndGlobalSection
EndGlobal
